// !$*UTF8*$!
{
	archiveVersion = 1;
	classes = {
	};
	objectVersion = 50;
	objects = {

/* Begin PBXBuildFile section */
		9619F2B1245769D50044F8C1 /* AppDelegate.swift in Sources */ = {isa = PBXBuildFile; fileRef = 9619F2B0245769D50044F8C1 /* AppDelegate.swift */; };
		9619F2B3245769D50044F8C1 /* SceneDelegate.swift in Sources */ = {isa = PBXBuildFile; fileRef = 9619F2B2245769D50044F8C1 /* SceneDelegate.swift */; };
		9619F2B5245769D50044F8C1 /* ContentView.swift in Sources */ = {isa = PBXBuildFile; fileRef = 9619F2B4245769D50044F8C1 /* ContentView.swift */; };
		9619F2B7245769D70044F8C1 /* Assets.xcassets in Resources */ = {isa = PBXBuildFile; fileRef = 9619F2B6245769D70044F8C1 /* Assets.xcassets */; };
		9619F2BA245769D70044F8C1 /* Preview Assets.xcassets in Resources */ = {isa = PBXBuildFile; fileRef = 9619F2B9245769D70044F8C1 /* Preview Assets.xcassets */; };
		9619F2BD245769D70044F8C1 /* LaunchScreen.storyboard in Resources */ = {isa = PBXBuildFile; fileRef = 9619F2BB245769D70044F8C1 /* LaunchScreen.storyboard */; };
		9619F2C8245769D70044F8C1 /* CovidStatTests.swift in Sources */ = {isa = PBXBuildFile; fileRef = 9619F2C7245769D70044F8C1 /* CovidStatTests.swift */; };
		9619F2D3245769D70044F8C1 /* CovidStatUITests.swift in Sources */ = {isa = PBXBuildFile; fileRef = 9619F2D2245769D70044F8C1 /* CovidStatUITests.swift */; };
/* End PBXBuildFile section */

/* Begin PBXContainerItemProxy section */
		9619F2C4245769D70044F8C1 /* PBXContainerItemProxy */ = {
			isa = PBXContainerItemProxy;
			containerPortal = 9619F2A5245769D50044F8C1 /* Project object */;
			proxyType = 1;
			remoteGlobalIDString = 9619F2AC245769D50044F8C1;
			remoteInfo = CovidStat;
		};
		9619F2CF245769D70044F8C1 /* PBXContainerItemProxy */ = {
			isa = PBXContainerItemProxy;
			containerPortal = 9619F2A5245769D50044F8C1 /* Project object */;
			proxyType = 1;
			remoteGlobalIDString = 9619F2AC245769D50044F8C1;
			remoteInfo = CovidStat;
		};
/* End PBXContainerItemProxy section */

/* Begin PBXFileReference section */
		9619F2AD245769D50044F8C1 /* CovidStat.app */ = {isa = PBXFileReference; explicitFileType = wrapper.application; includeInIndex = 0; path = CovidStat.app; sourceTree = BUILT_PRODUCTS_DIR; };
		9619F2B0245769D50044F8C1 /* AppDelegate.swift */ = {isa = PBXFileReference; lastKnownFileType = sourcecode.swift; path = AppDelegate.swift; sourceTree = "<group>"; };
		9619F2B2245769D50044F8C1 /* SceneDelegate.swift */ = {isa = PBXFileReference; lastKnownFileType = sourcecode.swift; path = SceneDelegate.swift; sourceTree = "<group>"; };
		9619F2B4245769D50044F8C1 /* ContentView.swift */ = {isa = PBXFileReference; lastKnownFileType = sourcecode.swift; path = ContentView.swift; sourceTree = "<group>"; };
		9619F2B6245769D70044F8C1 /* Assets.xcassets */ = {isa = PBXFileReference; lastKnownFileType = folder.assetcatalog; path = Assets.xcassets; sourceTree = "<group>"; };
		9619F2B9245769D70044F8C1 /* Preview Assets.xcassets */ = {isa = PBXFileReference; lastKnownFileType = folder.assetcatalog; path = "Preview Assets.xcassets"; sourceTree = "<group>"; };
		9619F2BC245769D70044F8C1 /* Base */ = {isa = PBXFileReference; lastKnownFileType = file.storyboard; name = Base; path = Base.lproj/LaunchScreen.storyboard; sourceTree = "<group>"; };
		9619F2BE245769D70044F8C1 /* Info.plist */ = {isa = PBXFileReference; lastKnownFileType = text.plist.xml; path = Info.plist; sourceTree = "<group>"; };
		9619F2C3245769D70044F8C1 /* CovidStatTests.xctest */ = {isa = PBXFileReference; explicitFileType = wrapper.cfbundle; includeInIndex = 0; path = CovidStatTests.xctest; sourceTree = BUILT_PRODUCTS_DIR; };
		9619F2C7245769D70044F8C1 /* CovidStatTests.swift */ = {isa = PBXFileReference; lastKnownFileType = sourcecode.swift; path = CovidStatTests.swift; sourceTree = "<group>"; };
		9619F2C9245769D70044F8C1 /* Info.plist */ = {isa = PBXFileReference; lastKnownFileType = text.plist.xml; path = Info.plist; sourceTree = "<group>"; };
		9619F2CE245769D70044F8C1 /* CovidStatUITests.xctest */ = {isa = PBXFileReference; explicitFileType = wrapper.cfbundle; includeInIndex = 0; path = CovidStatUITests.xctest; sourceTree = BUILT_PRODUCTS_DIR; };
		9619F2D2245769D70044F8C1 /* CovidStatUITests.swift */ = {isa = PBXFileReference; lastKnownFileType = sourcecode.swift; path = CovidStatUITests.swift; sourceTree = "<group>"; };
		9619F2D4245769D70044F8C1 /* Info.plist */ = {isa = PBXFileReference; lastKnownFileType = text.plist.xml; path = Info.plist; sourceTree = "<group>"; };
/* End PBXFileReference section */

/* Begin PBXFrameworksBuildPhase section */
		9619F2AA245769D50044F8C1 /* Frameworks */ = {
			isa = PBXFrameworksBuildPhase;
			buildActionMask = 2147483647;
			files = (
			);
			runOnlyForDeploymentPostprocessing = 0;
		};
		9619F2C0245769D70044F8C1 /* Frameworks */ = {
			isa = PBXFrameworksBuildPhase;
			buildActionMask = 2147483647;
			files = (
			);
			runOnlyForDeploymentPostprocessing = 0;
		};
		9619F2CB245769D70044F8C1 /* Frameworks */ = {
			isa = PBXFrameworksBuildPhase;
			buildActionMask = 2147483647;
			files = (
			);
			runOnlyForDeploymentPostprocessing = 0;
		};
/* End PBXFrameworksBuildPhase section */

/* Begin PBXGroup section */
		9619F2A4245769D50044F8C1 = {
			isa = PBXGroup;
			children = (
				9619F2AF245769D50044F8C1 /* CovidStat */,
				9619F2C6245769D70044F8C1 /* CovidStatTests */,
				9619F2D1245769D70044F8C1 /* CovidStatUITests */,
				9619F2AE245769D50044F8C1 /* Products */,
			);
			sourceTree = "<group>";
		};
		9619F2AE245769D50044F8C1 /* Products */ = {
			isa = PBXGroup;
			children = (
				9619F2AD245769D50044F8C1 /* CovidStat.app */,
				9619F2C3245769D70044F8C1 /* CovidStatTests.xctest */,
				9619F2CE245769D70044F8C1 /* CovidStatUITests.xctest */,
			);
			name = Products;
			sourceTree = "<group>";
		};
		9619F2AF245769D50044F8C1 /* CovidStat */ = {
			isa = PBXGroup;
			children = (
				9619F2B0245769D50044F8C1 /* AppDelegate.swift */,
				9619F2B2245769D50044F8C1 /* SceneDelegate.swift */,
				9619F2B4245769D50044F8C1 /* ContentView.swift */,
				9619F2B6245769D70044F8C1 /* Assets.xcassets */,
				9619F2BB245769D70044F8C1 /* LaunchScreen.storyboard */,
				9619F2BE245769D70044F8C1 /* Info.plist */,
				9619F2B8245769D70044F8C1 /* Preview Content */,
			);
			path = CovidStat;
			sourceTree = "<group>";
		};
		9619F2B8245769D70044F8C1 /* Preview Content */ = {
			isa = PBXGroup;
			children = (
				9619F2B9245769D70044F8C1 /* Preview Assets.xcassets */,
			);
			path = "Preview Content";
			sourceTree = "<group>";
		};
		9619F2C6245769D70044F8C1 /* CovidStatTests */ = {
			isa = PBXGroup;
			children = (
				9619F2C7245769D70044F8C1 /* CovidStatTests.swift */,
				9619F2C9245769D70044F8C1 /* Info.plist */,
			);
			path = CovidStatTests;
			sourceTree = "<group>";
		};
		9619F2D1245769D70044F8C1 /* CovidStatUITests */ = {
			isa = PBXGroup;
			children = (
				9619F2D2245769D70044F8C1 /* CovidStatUITests.swift */,
				9619F2D4245769D70044F8C1 /* Info.plist */,
			);
			path = CovidStatUITests;
			sourceTree = "<group>";
		};
/* End PBXGroup section */

/* Begin PBXNativeTarget section */
		9619F2AC245769D50044F8C1 /* CovidStat */ = {
			isa = PBXNativeTarget;
			buildConfigurationList = 9619F2D7245769D70044F8C1 /* Build configuration list for PBXNativeTarget "CovidStat" */;
			buildPhases = (
				9619F2A9245769D50044F8C1 /* Sources */,
				9619F2AA245769D50044F8C1 /* Frameworks */,
				9619F2AB245769D50044F8C1 /* Resources */,
			);
			buildRules = (
			);
			dependencies = (
			);
			name = CovidStat;
			productName = CovidStat;
			productReference = 9619F2AD245769D50044F8C1 /* CovidStat.app */;
			productType = "com.apple.product-type.application";
		};
		9619F2C2245769D70044F8C1 /* CovidStatTests */ = {
			isa = PBXNativeTarget;
			buildConfigurationList = 9619F2DA245769D70044F8C1 /* Build configuration list for PBXNativeTarget "CovidStatTests" */;
			buildPhases = (
				9619F2BF245769D70044F8C1 /* Sources */,
				9619F2C0245769D70044F8C1 /* Frameworks */,
				9619F2C1245769D70044F8C1 /* Resources */,
			);
			buildRules = (
			);
			dependencies = (
				9619F2C5245769D70044F8C1 /* PBXTargetDependency */,
			);
			name = CovidStatTests;
			productName = CovidStatTests;
			productReference = 9619F2C3245769D70044F8C1 /* CovidStatTests.xctest */;
			productType = "com.apple.product-type.bundle.unit-test";
		};
		9619F2CD245769D70044F8C1 /* CovidStatUITests */ = {
			isa = PBXNativeTarget;
			buildConfigurationList = 9619F2DD245769D70044F8C1 /* Build configuration list for PBXNativeTarget "CovidStatUITests" */;
			buildPhases = (
				9619F2CA245769D70044F8C1 /* Sources */,
				9619F2CB245769D70044F8C1 /* Frameworks */,
				9619F2CC245769D70044F8C1 /* Resources */,
			);
			buildRules = (
			);
			dependencies = (
				9619F2D0245769D70044F8C1 /* PBXTargetDependency */,
			);
			name = CovidStatUITests;
			productName = CovidStatUITests;
			productReference = 9619F2CE245769D70044F8C1 /* CovidStatUITests.xctest */;
			productType = "com.apple.product-type.bundle.ui-testing";
		};
/* End PBXNativeTarget section */

/* Begin PBXProject section */
		9619F2A5245769D50044F8C1 /* Project object */ = {
			isa = PBXProject;
			attributes = {
				LastSwiftUpdateCheck = 1140;
				LastUpgradeCheck = 1140;
				ORGANIZATIONNAME = "Amory Rouault";
				TargetAttributes = {
					9619F2AC245769D50044F8C1 = {
						CreatedOnToolsVersion = 11.4.1;
					};
					9619F2C2245769D70044F8C1 = {
						CreatedOnToolsVersion = 11.4.1;
						TestTargetID = 9619F2AC245769D50044F8C1;
					};
					9619F2CD245769D70044F8C1 = {
						CreatedOnToolsVersion = 11.4.1;
						TestTargetID = 9619F2AC245769D50044F8C1;
					};
				};
			};
			buildConfigurationList = 9619F2A8245769D50044F8C1 /* Build configuration list for PBXProject "CovidStat" */;
			compatibilityVersion = "Xcode 9.3";
			developmentRegion = en;
			hasScannedForEncodings = 0;
			knownRegions = (
				en,
				Base,
			);
			mainGroup = 9619F2A4245769D50044F8C1;
			productRefGroup = 9619F2AE245769D50044F8C1 /* Products */;
			projectDirPath = "";
			projectRoot = "";
			targets = (
				9619F2AC245769D50044F8C1 /* CovidStat */,
				9619F2C2245769D70044F8C1 /* CovidStatTests */,
				9619F2CD245769D70044F8C1 /* CovidStatUITests */,
			);
		};
/* End PBXProject section */

/* Begin PBXResourcesBuildPhase section */
		9619F2AB245769D50044F8C1 /* Resources */ = {
			isa = PBXResourcesBuildPhase;
			buildActionMask = 2147483647;
			files = (
				9619F2BD245769D70044F8C1 /* LaunchScreen.storyboard in Resources */,
				9619F2BA245769D70044F8C1 /* Preview Assets.xcassets in Resources */,
				9619F2B7245769D70044F8C1 /* Assets.xcassets in Resources */,
			);
			runOnlyForDeploymentPostprocessing = 0;
		};
		9619F2C1245769D70044F8C1 /* Resources */ = {
			isa = PBXResourcesBuildPhase;
			buildActionMask = 2147483647;
			files = (
			);
			runOnlyForDeploymentPostprocessing = 0;
		};
		9619F2CC245769D70044F8C1 /* Resources */ = {
			isa = PBXResourcesBuildPhase;
			buildActionMask = 2147483647;
			files = (
			);
			runOnlyForDeploymentPostprocessing = 0;
		};
/* End PBXResourcesBuildPhase section */

/* Begin PBXSourcesBuildPhase section */
		9619F2A9245769D50044F8C1 /* Sources */ = {
			isa = PBXSourcesBuildPhase;
			buildActionMask = 2147483647;
			files = (
				9619F2B1245769D50044F8C1 /* AppDelegate.swift in Sources */,
				9619F2B3245769D50044F8C1 /* SceneDelegate.swift in Sources */,
				9619F2B5245769D50044F8C1 /* ContentView.swift in Sources */,
			);
			runOnlyForDeploymentPostprocessing = 0;
		};
		9619F2BF245769D70044F8C1 /* Sources */ = {
			isa = PBXSourcesBuildPhase;
			buildActionMask = 2147483647;
			files = (
				9619F2C8245769D70044F8C1 /* CovidStatTests.swift in Sources */,
			);
			runOnlyForDeploymentPostprocessing = 0;
		};
		9619F2CA245769D70044F8C1 /* Sources */ = {
			isa = PBXSourcesBuildPhase;
			buildActionMask = 2147483647;
			files = (
				9619F2D3245769D70044F8C1 /* CovidStatUITests.swift in Sources */,
			);
			runOnlyForDeploymentPostprocessing = 0;
		};
/* End PBXSourcesBuildPhase section */

/* Begin PBXTargetDependency section */
		9619F2C5245769D70044F8C1 /* PBXTargetDependency */ = {
			isa = PBXTargetDependency;
			target = 9619F2AC245769D50044F8C1 /* CovidStat */;
			targetProxy = 9619F2C4245769D70044F8C1 /* PBXContainerItemProxy */;
		};
		9619F2D0245769D70044F8C1 /* PBXTargetDependency */ = {
			isa = PBXTargetDependency;
			target = 9619F2AC245769D50044F8C1 /* CovidStat */;
			targetProxy = 9619F2CF245769D70044F8C1 /* PBXContainerItemProxy */;
		};
/* End PBXTargetDependency section */

/* Begin PBXVariantGroup section */
		9619F2BB245769D70044F8C1 /* LaunchScreen.storyboard */ = {
			isa = PBXVariantGroup;
			children = (
				9619F2BC245769D70044F8C1 /* Base */,
			);
			name = LaunchScreen.storyboard;
			sourceTree = "<group>";
		};
/* End PBXVariantGroup section */

/* Begin XCBuildConfiguration section */
		9619F2D5245769D70044F8C1 /* Debug */ = {
			isa = XCBuildConfiguration;
			buildSettings = {
				ALWAYS_SEARCH_USER_PATHS = NO;
				CLANG_ANALYZER_NONNULL = YES;
				CLANG_ANALYZER_NUMBER_OBJECT_CONVERSION = YES_AGGRESSIVE;
				CLANG_CXX_LANGUAGE_STANDARD = "gnu++14";
				CLANG_CXX_LIBRARY = "libc++";
				CLANG_ENABLE_MODULES = YES;
				CLANG_ENABLE_OBJC_ARC = YES;
				CLANG_ENABLE_OBJC_WEAK = YES;
				CLANG_WARN_BLOCK_CAPTURE_AUTORELEASING = YES;
				CLANG_WARN_BOOL_CONVERSION = YES;
				CLANG_WARN_COMMA = YES;
				CLANG_WARN_CONSTANT_CONVERSION = YES;
				CLANG_WARN_DEPRECATED_OBJC_IMPLEMENTATIONS = YES;
				CLANG_WARN_DIRECT_OBJC_ISA_USAGE = YES_ERROR;
				CLANG_WARN_DOCUMENTATION_COMMENTS = YES;
				CLANG_WARN_EMPTY_BODY = YES;
				CLANG_WARN_ENUM_CONVERSION = YES;
				CLANG_WARN_INFINITE_RECURSION = YES;
				CLANG_WARN_INT_CONVERSION = YES;
				CLANG_WARN_NON_LITERAL_NULL_CONVERSION = YES;
				CLANG_WARN_OBJC_IMPLICIT_RETAIN_SELF = YES;
				CLANG_WARN_OBJC_LITERAL_CONVERSION = YES;
				CLANG_WARN_OBJC_ROOT_CLASS = YES_ERROR;
				CLANG_WARN_RANGE_LOOP_ANALYSIS = YES;
				CLANG_WARN_STRICT_PROTOTYPES = YES;
				CLANG_WARN_SUSPICIOUS_MOVE = YES;
				CLANG_WARN_UNGUARDED_AVAILABILITY = YES_AGGRESSIVE;
				CLANG_WARN_UNREACHABLE_CODE = YES;
				CLANG_WARN__DUPLICATE_METHOD_MATCH = YES;
				COPY_PHASE_STRIP = NO;
				DEBUG_INFORMATION_FORMAT = dwarf;
				ENABLE_STRICT_OBJC_MSGSEND = YES;
				ENABLE_TESTABILITY = YES;
				GCC_C_LANGUAGE_STANDARD = gnu11;
				GCC_DYNAMIC_NO_PIC = NO;
				GCC_NO_COMMON_BLOCKS = YES;
				GCC_OPTIMIZATION_LEVEL = 0;
				GCC_PREPROCESSOR_DEFINITIONS = (
					"DEBUG=1",
					"$(inherited)",
				);
				GCC_WARN_64_TO_32_BIT_CONVERSION = YES;
				GCC_WARN_ABOUT_RETURN_TYPE = YES_ERROR;
				GCC_WARN_UNDECLARED_SELECTOR = YES;
				GCC_WARN_UNINITIALIZED_AUTOS = YES_AGGRESSIVE;
				GCC_WARN_UNUSED_FUNCTION = YES;
				GCC_WARN_UNUSED_VARIABLE = YES;
				IPHONEOS_DEPLOYMENT_TARGET = 13.4;
				MTL_ENABLE_DEBUG_INFO = INCLUDE_SOURCE;
				MTL_FAST_MATH = YES;
				ONLY_ACTIVE_ARCH = YES;
				SDKROOT = iphoneos;
				SWIFT_ACTIVE_COMPILATION_CONDITIONS = DEBUG;
				SWIFT_OPTIMIZATION_LEVEL = "-Onone";
			};
			name = Debug;
		};
		9619F2D6245769D70044F8C1 /* Release */ = {
			isa = XCBuildConfiguration;
			buildSettings = {
				ALWAYS_SEARCH_USER_PATHS = NO;
				CLANG_ANALYZER_NONNULL = YES;
				CLANG_ANALYZER_NUMBER_OBJECT_CONVERSION = YES_AGGRESSIVE;
				CLANG_CXX_LANGUAGE_STANDARD = "gnu++14";
				CLANG_CXX_LIBRARY = "libc++";
				CLANG_ENABLE_MODULES = YES;
				CLANG_ENABLE_OBJC_ARC = YES;
				CLANG_ENABLE_OBJC_WEAK = YES;
				CLANG_WARN_BLOCK_CAPTURE_AUTORELEASING = YES;
				CLANG_WARN_BOOL_CONVERSION = YES;
				CLANG_WARN_COMMA = YES;
				CLANG_WARN_CONSTANT_CONVERSION = YES;
				CLANG_WARN_DEPRECATED_OBJC_IMPLEMENTATIONS = YES;
				CLANG_WARN_DIRECT_OBJC_ISA_USAGE = YES_ERROR;
				CLANG_WARN_DOCUMENTATION_COMMENTS = YES;
				CLANG_WARN_EMPTY_BODY = YES;
				CLANG_WARN_ENUM_CONVERSION = YES;
				CLANG_WARN_INFINITE_RECURSION = YES;
				CLANG_WARN_INT_CONVERSION = YES;
				CLANG_WARN_NON_LITERAL_NULL_CONVERSION = YES;
				CLANG_WARN_OBJC_IMPLICIT_RETAIN_SELF = YES;
				CLANG_WARN_OBJC_LITERAL_CONVERSION = YES;
				CLANG_WARN_OBJC_ROOT_CLASS = YES_ERROR;
				CLANG_WARN_RANGE_LOOP_ANALYSIS = YES;
				CLANG_WARN_STRICT_PROTOTYPES = YES;
				CLANG_WARN_SUSPICIOUS_MOVE = YES;
				CLANG_WARN_UNGUARDED_AVAILABILITY = YES_AGGRESSIVE;
				CLANG_WARN_UNREACHABLE_CODE = YES;
				CLANG_WARN__DUPLICATE_METHOD_MATCH = YES;
				COPY_PHASE_STRIP = NO;
				DEBUG_INFORMATION_FORMAT = "dwarf-with-dsym";
				ENABLE_NS_ASSERTIONS = NO;
				ENABLE_STRICT_OBJC_MSGSEND = YES;
				GCC_C_LANGUAGE_STANDARD = gnu11;
				GCC_NO_COMMON_BLOCKS = YES;
				GCC_WARN_64_TO_32_BIT_CONVERSION = YES;
				GCC_WARN_ABOUT_RETURN_TYPE = YES_ERROR;
				GCC_WARN_UNDECLARED_SELECTOR = YES;
				GCC_WARN_UNINITIALIZED_AUTOS = YES_AGGRESSIVE;
				GCC_WARN_UNUSED_FUNCTION = YES;
				GCC_WARN_UNUSED_VARIABLE = YES;
				IPHONEOS_DEPLOYMENT_TARGET = 13.4;
				MTL_ENABLE_DEBUG_INFO = NO;
				MTL_FAST_MATH = YES;
				SDKROOT = iphoneos;
				SWIFT_COMPILATION_MODE = wholemodule;
				SWIFT_OPTIMIZATION_LEVEL = "-O";
				VALIDATE_PRODUCT = YES;
			};
			name = Release;
		};
		9619F2D8245769D70044F8C1 /* Debug */ = {
			isa = XCBuildConfiguration;
			buildSettings = {
				ASSETCATALOG_COMPILER_APPICON_NAME = AppIcon;
				CODE_SIGN_STYLE = Automatic;
				DEVELOPMENT_ASSET_PATHS = "\"CovidStat/Preview Content\"";
				DEVELOPMENT_TEAM = 9UNF284GYZ;
				ENABLE_PREVIEWS = YES;
				INFOPLIST_FILE = CovidStat/Info.plist;
				LD_RUNPATH_SEARCH_PATHS = (
					"$(inherited)",
					"@executable_path/Frameworks",
				);
				PRODUCT_BUNDLE_IDENTIFIER = com.amoryrouault.CovidStat;
				PRODUCT_NAME = "$(TARGET_NAME)";
				SWIFT_VERSION = 5.0;
				TARGETED_DEVICE_FAMILY = "1,2";
			};
			name = Debug;
		};
		9619F2D9245769D70044F8C1 /* Release */ = {
			isa = XCBuildConfiguration;
			buildSettings = {
				ASSETCATALOG_COMPILER_APPICON_NAME = AppIcon;
				CODE_SIGN_STYLE = Automatic;
				DEVELOPMENT_ASSET_PATHS = "\"CovidStat/Preview Content\"";
				DEVELOPMENT_TEAM = 9UNF284GYZ;
				ENABLE_PREVIEWS = YES;
				INFOPLIST_FILE = CovidStat/Info.plist;
				LD_RUNPATH_SEARCH_PATHS = (
					"$(inherited)",
					"@executable_path/Frameworks",
				);
				PRODUCT_BUNDLE_IDENTIFIER = com.amoryrouault.CovidStat;
				PRODUCT_NAME = "$(TARGET_NAME)";
				SWIFT_VERSION = 5.0;
				TARGETED_DEVICE_FAMILY = "1,2";
			};
			name = Release;
		};
		9619F2DB245769D70044F8C1 /* Debug */ = {
			isa = XCBuildConfiguration;
			buildSettings = {
				ALWAYS_EMBED_SWIFT_STANDARD_LIBRARIES = YES;
				BUNDLE_LOADER = "$(TEST_HOST)";
				CODE_SIGN_STYLE = Automatic;
				DEVELOPMENT_TEAM = 9UNF284GYZ;
				INFOPLIST_FILE = CovidStatTests/Info.plist;
				IPHONEOS_DEPLOYMENT_TARGET = 13.4;
				LD_RUNPATH_SEARCH_PATHS = (
					"$(inherited)",
					"@executable_path/Frameworks",
					"@loader_path/Frameworks",
				);
				PRODUCT_BUNDLE_IDENTIFIER = com.amoryrouault.CovidStatTests;
				PRODUCT_NAME = "$(TARGET_NAME)";
				SWIFT_VERSION = 5.0;
				TARGETED_DEVICE_FAMILY = "1,2";
				TEST_HOST = "$(BUILT_PRODUCTS_DIR)/CovidStat.app/CovidStat";
			};
			name = Debug;
		};
		9619F2DC245769D70044F8C1 /* Release */ = {
			isa = XCBuildConfiguration;
			buildSettings = {
				ALWAYS_EMBED_SWIFT_STANDARD_LIBRARIES = YES;
				BUNDLE_LOADER = "$(TEST_HOST)";
				CODE_SIGN_STYLE = Automatic;
				DEVELOPMENT_TEAM = 9UNF284GYZ;
				INFOPLIST_FILE = CovidStatTests/Info.plist;
				IPHONEOS_DEPLOYMENT_TARGET = 13.4;
				LD_RUNPATH_SEARCH_PATHS = (
					"$(inherited)",
					"@executable_path/Frameworks",
					"@loader_path/Frameworks",
				);
				PRODUCT_BUNDLE_IDENTIFIER = com.amoryrouault.CovidStatTests;
				PRODUCT_NAME = "$(TARGET_NAME)";
				SWIFT_VERSION = 5.0;
				TARGETED_DEVICE_FAMILY = "1,2";
				TEST_HOST = "$(BUILT_PRODUCTS_DIR)/CovidStat.app/CovidStat";
			};
			name = Release;
		};
		9619F2DE245769D70044F8C1 /* Debug */ = {
			isa = XCBuildConfiguration;
			buildSettings = {
				ALWAYS_EMBED_SWIFT_STANDARD_LIBRARIES = YES;
				CODE_SIGN_STYLE = Automatic;
				DEVELOPMENT_TEAM = 9UNF284GYZ;
				INFOPLIST_FILE = CovidStatUITests/Info.plist;
				LD_RUNPATH_SEARCH_PATHS = (
					"$(inherited)",
					"@executable_path/Frameworks",
					"@loader_path/Frameworks",
				);
				PRODUCT_BUNDLE_IDENTIFIER = com.amoryrouault.CovidStatUITests;
				PRODUCT_NAME = "$(TARGET_NAME)";
				SWIFT_VERSION = 5.0;
				TARGETED_DEVICE_FAMILY = "1,2";
				TEST_TARGET_NAME = CovidStat;
			};
			name = Debug;
		};
		9619F2DF245769D70044F8C1 /* Release */ = {
			isa = XCBuildConfiguration;
			buildSettings = {
				ALWAYS_EMBED_SWIFT_STANDARD_LIBRARIES = YES;
				CODE_SIGN_STYLE = Automatic;
				DEVELOPMENT_TEAM = 9UNF284GYZ;
				INFOPLIST_FILE = CovidStatUITests/Info.plist;
				LD_RUNPATH_SEARCH_PATHS = (
					"$(inherited)",
					"@executable_path/Frameworks",
					"@loader_path/Frameworks",
				);
				PRODUCT_BUNDLE_IDENTIFIER = com.amoryrouault.CovidStatUITests;
				PRODUCT_NAME = "$(TARGET_NAME)";
				SWIFT_VERSION = 5.0;
				TARGETED_DEVICE_FAMILY = "1,2";
				TEST_TARGET_NAME = CovidStat;
			};
			name = Release;
		};
/* End XCBuildConfiguration section */

/* Begin XCConfigurationList section */
		9619F2A8245769D50044F8C1 /* Build configuration list for PBXProject "CovidStat" */ = {
			isa = XCConfigurationList;
			buildConfigurations = (
				9619F2D5245769D70044F8C1 /* Debug */,
				9619F2D6245769D70044F8C1 /* Release */,
			);
			defaultConfigurationIsVisible = 0;
			defaultConfigurationName = Release;
		};
		9619F2D7245769D70044F8C1 /* Build configuration list for PBXNativeTarget "CovidStat" */ = {
			isa = XCConfigurationList;
			buildConfigurations = (
				9619F2D8245769D70044F8C1 /* Debug */,
				9619F2D9245769D70044F8C1 /* Release */,
			);
			defaultConfigurationIsVisible = 0;
			defaultConfigurationName = Release;
		};
		9619F2DA245769D70044F8C1 /* Build configuration list for PBXNativeTarget "CovidStatTests" */ = {
			isa = XCConfigurationList;
			buildConfigurations = (
				9619F2DB245769D70044F8C1 /* Debug */,
				9619F2DC245769D70044F8C1 /* Release */,
			);
			defaultConfigurationIsVisible = 0;
			defaultConfigurationName = Release;
		};
		9619F2DD245769D70044F8C1 /* Build configuration list for PBXNativeTarget "CovidStatUITests" */ = {
			isa = XCConfigurationList;
			buildConfigurations = (
				9619F2DE245769D70044F8C1 /* Debug */,
				9619F2DF245769D70044F8C1 /* Release */,
			);
			defaultConfigurationIsVisible = 0;
			defaultConfigurationName = Release;
		};
/* End XCConfigurationList section */
	};
	rootObject = 9619F2A5245769D50044F8C1 /* Project object */;
}
